
Microsoft Visual Studio Solution File, Format Version 12.00
# Visual Studio Version 16
VisualStudioVersion = 16.0.30114.105
MinimumVisualStudioVersion = 10.0.40219.1
Project("{FAE04EC0-301F-11D3-BF4B-00C04F79EFBC}") = "PluginCore", "src\PluginCore\PluginCore.csproj", "{31348683-FE19-472E-8DDA-BE586345AB75}"
EndProject
Project("{FAE04EC0-301F-11D3-BF4B-00C04F79EFBC}") = "VsCode", "src\VsCode\VsCode.csproj", "{E8A7CDDA-3C22-4098-8390-DD5C1FA243D2}"
EndProject
Project("{2150E333-8FDC-42A3-9474-1A3956D46DE8}") = "src", "src", "{9D2BEDB9-2275-4786-83C4-C46946100CCE}"
EndProject
Project("{FAE04EC0-301F-11D3-BF4B-00C04F79EFBC}") = "Settings", "src\Settings\Settings.csproj", "{A70016DA-B8D7-4621-928F-283826CDF458}"
EndProject
Project("{FAE04EC0-301F-11D3-BF4B-00C04F79EFBC}") = "Ember", "src\Ember\Ember.csproj", "{A5126E7B-0154-4CF1-83ED-80DAFE4AB340}"
EndProject
Global
	GlobalSection(SolutionConfigurationPlatforms) = preSolution
		Debug|Any CPU = Debug|Any CPU
		Release|Any CPU = Release|Any CPU
	EndGlobalSection
	GlobalSection(SolutionProperties) = preSolution
		HideSolutionNode = FALSE
	EndGlobalSection
	GlobalSection(ProjectConfigurationPlatforms) = postSolution
		{31348683-FE19-472E-8DDA-BE586345AB75}.Debug|Any CPU.ActiveCfg = Debug|Any CPU
		{31348683-FE19-472E-8DDA-BE586345AB75}.Debug|Any CPU.Build.0 = Debug|Any CPU
		{31348683-FE19-472E-8DDA-BE586345AB75}.Release|Any CPU.ActiveCfg = Release|Any CPU
		{31348683-FE19-472E-8DDA-BE586345AB75}.Release|Any CPU.Build.0 = Release|Any CPU
		{E8A7CDDA-3C22-4098-8390-DD5C1FA243D2}.Debug|Any CPU.ActiveCfg = Debug|Any CPU
		{E8A7CDDA-3C22-4098-8390-DD5C1FA243D2}.Debug|Any CPU.Build.0 = Debug|Any CPU
		{E8A7CDDA-3C22-4098-8390-DD5C1FA243D2}.Release|Any CPU.ActiveCfg = Release|Any CPU
		{E8A7CDDA-3C22-4098-8390-DD5C1FA243D2}.Release|Any CPU.Build.0 = Release|Any CPU
		{A70016DA-B8D7-4621-928F-283826CDF458}.Debug|Any CPU.ActiveCfg = Debug|Any CPU
		{A70016DA-B8D7-4621-928F-283826CDF458}.Debug|Any CPU.Build.0 = Debug|Any CPU
		{A70016DA-B8D7-4621-928F-283826CDF458}.Release|Any CPU.ActiveCfg = Release|Any CPU
		{A70016DA-B8D7-4621-928F-283826CDF458}.Release|Any CPU.Build.0 = Release|Any CPU
		{A5126E7B-0154-4CF1-83ED-80DAFE4AB340}.Debug|Any CPU.ActiveCfg = Debug|Any CPU
		{A5126E7B-0154-4CF1-83ED-80DAFE4AB340}.Debug|Any CPU.Build.0 = Debug|Any CPU
		{A5126E7B-0154-4CF1-83ED-80DAFE4AB340}.Release|Any CPU.ActiveCfg = Release|Any CPU
		{A5126E7B-0154-4CF1-83ED-80DAFE4AB340}.Release|Any CPU.Build.0 = Release|Any CPU
	EndGlobalSection
	GlobalSection(NestedProjects) = preSolution
		{A70016DA-B8D7-4621-928F-283826CDF458} = {9D2BEDB9-2275-4786-83C4-C46946100CCE}
		{A5126E7B-0154-4CF1-83ED-80DAFE4AB340} = {9D2BEDB9-2275-4786-83C4-C46946100CCE}
	EndGlobalSection
EndGlobal
